
Microsoft Visual Studio Solution File, Format Version 12.00
# Visual Studio Version 17
VisualStudioVersion = 17.13.35806.99 d17.13
MinimumVisualStudioVersion = 10.0.40219.1
Project("{FAE04EC0-301F-11D3-BF4B-00C04F79EFBC}") = "IPOkemonApp", "IPOkemonApp.csproj", "{34DE4B66-14DD-4E15-AC8F-E6EDAC255E2F}"
EndProject
Global
	GlobalSection(SolutionConfigurationPlatforms) = preSolution
		Debug|arm64 = Debug|arm64
		Debug|x64 = Debug|x64
		Debug|x86 = Debug|x86
		Release|arm64 = Release|arm64
		Release|x64 = Release|x64
		Release|x86 = Release|x86
	EndGlobalSection
	GlobalSection(ProjectConfigurationPlatforms) = postSolution
		{34DE4B66-14DD-4E15-AC8F-E6EDAC255E2F}.Debug|arm64.ActiveCfg = Debug|arm64
		{34DE4B66-14DD-4E15-AC8F-E6EDAC255E2F}.Debug|arm64.Build.0 = Debug|arm64
		{34DE4B66-14DD-4E15-AC8F-E6EDAC255E2F}.Debug|arm64.Deploy.0 = Debug|arm64
		{34DE4B66-14DD-4E15-AC8F-E6EDAC255E2F}.Debug|x64.ActiveCfg = Debug|x64
		{34DE4B66-14DD-4E15-AC8F-E6EDAC255E2F}.Debug|x64.Build.0 = Debug|x64
		{34DE4B66-14DD-4E15-AC8F-E6EDAC255E2F}.Debug|x64.Deploy.0 = Debug|x64
		{34DE4B66-14DD-4E15-AC8F-E6EDAC255E2F}.Debug|x86.ActiveCfg = Debug|x86
		{34DE4B66-14DD-4E15-AC8F-E6EDAC255E2F}.Debug|x86.Build.0 = Debug|x86
		{34DE4B66-14DD-4E15-AC8F-E6EDAC255E2F}.Debug|x86.Deploy.0 = Debug|x86
		{34DE4B66-14DD-4E15-AC8F-E6EDAC255E2F}.Release|arm64.ActiveCfg = Release|arm64
		{34DE4B66-14DD-4E15-AC8F-E6EDAC255E2F}.Release|arm64.Build.0 = Release|arm64
		{34DE4B66-14DD-4E15-AC8F-E6EDAC255E2F}.Release|arm64.Deploy.0 = Release|arm64
		{34DE4B66-14DD-4E15-AC8F-E6EDAC255E2F}.Release|x64.ActiveCfg = Release|x64
		{34DE4B66-14DD-4E15-AC8F-E6EDAC255E2F}.Release|x64.Build.0 = Release|x64
		{34DE4B66-14DD-4E15-AC8F-E6EDAC255E2F}.Release|x64.Deploy.0 = Release|x64
		{34DE4B66-14DD-4E15-AC8F-E6EDAC255E2F}.Release|x86.ActiveCfg = Release|x86
		{34DE4B66-14DD-4E15-AC8F-E6EDAC255E2F}.Release|x86.Build.0 = Release|x86
		{34DE4B66-14DD-4E15-AC8F-E6EDAC255E2F}.Release|x86.Deploy.0 = Release|x86
	EndGlobalSection
	GlobalSection(SolutionProperties) = preSolution
		HideSolutionNode = FALSE
	EndGlobalSection
	GlobalSection(ExtensibilityGlobals) = postSolution
		SolutionGuid = {D809271C-B751-4A53-BBFC-E9D3843F95F7}
	EndGlobalSection
EndGlobal
